
Microsoft Visual Studio Solution File, Format Version 12.00
# Visual Studio 15
VisualStudioVersion = 15.0.26730.12
MinimumVisualStudioVersion = 10.0.40219.1
Project("{FAE04EC0-301F-11D3-BF4B-00C04F79EFBC}") = "PluginEBprot", "PluginEBProt\PluginEBprot.csproj", "{DC8DE116-BFA1-481D-AFB6-7443F374F2E3}"
EndProject
Global
	GlobalSection(SolutionConfigurationPlatforms) = preSolution
		Debug|Any CPU = Debug|Any CPU
		Release|Any CPU = Release|Any CPU
	EndGlobalSection
	GlobalSection(ProjectConfigurationPlatforms) = postSolution
		{DC8DE116-BFA1-481D-AFB6-7443F374F2E3}.Debug|Any CPU.ActiveCfg = Debug|Any CPU
		{DC8DE116-BFA1-481D-AFB6-7443F374F2E3}.Debug|Any CPU.Build.0 = Debug|Any CPU
		{DC8DE116-BFA1-481D-AFB6-7443F374F2E3}.Release|Any CPU.ActiveCfg = Release|Any CPU
		{DC8DE116-BFA1-481D-AFB6-7443F374F2E3}.Release|Any CPU.Build.0 = Release|Any CPU
	EndGlobalSection
	GlobalSection(SolutionProperties) = preSolution
		HideSolutionNode = FALSE
	EndGlobalSection
	GlobalSection(ExtensibilityGlobals) = postSolution
		SolutionGuid = {06B249B3-2C98-4EF2-BF9A-1817A6B6E362}
	EndGlobalSection
EndGlobal
